
Microsoft Visual Studio Solution File, Format Version 12.00
# Visual Studio Version 17
VisualStudioVersion = 17.7.34024.191
MinimumVisualStudioVersion = 10.0.40219.1
Project("{9A19103F-16F7-4668-BE54-9A1E7A4F7556}") = "LibraryInformationSystem", "LibraryInformationSystem\LibraryInformationSystem.csproj", "{310A2D13-38EC-489D-94E6-E86F6E5270C0}"
EndProject
Global
	GlobalSection(SolutionConfigurationPlatforms) = preSolution
		Debug|Any CPU = Debug|Any CPU
		Release|Any CPU = Release|Any CPU
	EndGlobalSection
	GlobalSection(ProjectConfigurationPlatforms) = postSolution
		{310A2D13-38EC-489D-94E6-E86F6E5270C0}.Debug|Any CPU.ActiveCfg = Debug|Any CPU
		{310A2D13-38EC-489D-94E6-E86F6E5270C0}.Debug|Any CPU.Build.0 = Debug|Any CPU
		{310A2D13-38EC-489D-94E6-E86F6E5270C0}.Release|Any CPU.ActiveCfg = Release|Any CPU
		{310A2D13-38EC-489D-94E6-E86F6E5270C0}.Release|Any CPU.Build.0 = Release|Any CPU
	EndGlobalSection
	GlobalSection(SolutionProperties) = preSolution
		HideSolutionNode = FALSE
	EndGlobalSection
	GlobalSection(ExtensibilityGlobals) = postSolution
		SolutionGuid = {D4097AC3-590C-47A6-AF12-A6FB83BD5A66}
	EndGlobalSection
EndGlobal
